
Microsoft Visual Studio Solution File, Format Version 12.00
# Visual Studio 15
Project("{FAE04EC0-301F-11D3-BF4B-00C04F79EFBC}") = "Send", "Send.csproj", "{8C189EF3-9B6B-4E6B-AC38-78D6CF41156E}"
EndProject
Global
	GlobalSection(SolutionConfigurationPlatforms) = preSolution
		Debug|Any CPU = Debug|Any CPU
		Release|Any CPU = Release|Any CPU
	EndGlobalSection
	GlobalSection(ProjectConfigurationPlatforms) = postSolution
		{8C189EF3-9B6B-4E6B-AC38-78D6CF41156E}.Debug|Any CPU.ActiveCfg = Debug|Any CPU
		{8C189EF3-9B6B-4E6B-AC38-78D6CF41156E}.Debug|Any CPU.Build.0 = Debug|Any CPU
		{8C189EF3-9B6B-4E6B-AC38-78D6CF41156E}.Release|Any CPU.ActiveCfg = Release|Any CPU
		{8C189EF3-9B6B-4E6B-AC38-78D6CF41156E}.Release|Any CPU.Build.0 = Release|Any CPU
	EndGlobalSection
EndGlobal
